{
  "name": "hello-world",
  "version": "0.0.0",
  "lockfileVersion": 2,
  "requires": true,
  "packages": {
    "": {
      "name": "hello-world",
      "version": "0.0.0",
      "dependencies": {
        "redwood": "^0.0.1"
      }
    },
    "node_modules/redwood": {
      "version": "0.0.1",
      "resolved": "https://registry.npmjs.org/redwood/-/redwood-0.0.1.tgz",
      "integrity": "sha512-KlvZv0bCSyorzzhFLBokwATPYkldZSNdi+TgrqSS7eyGkei2pdqOTR3wQcZm5+COUy1grsj0202KjBzdz3h95Q=="
    }
  },
  "dependencies": {
    "redwood": {
      "version": "0.0.1",
      "resolved": "https://registry.npmjs.org/redwood/-/redwood-0.0.1.tgz",
      "integrity": "sha512-KlvZv0bCSyorzzhFLBokwATPYkldZSNdi+TgrqSS7eyGkei2pdqOTR3wQcZm5+COUy1grsj0202KjBzdz3h95Q=="
    }
  }
}
