{
  "name": "hello-world",
  "version": "0.0.0",
  "lockfileVersion": 2,
  "requires": true,
  "packages": {
    "": {
      "name": "hello-world",
      "version": "0.0.0",
      "dependencies": {
        "ember": "^1.0.3"
      }
    },
    "node_modules/ember": {
      "version": "1.0.3",
      "resolved": "https://registry.npmjs.org/ember/-/ember-1.0.3.tgz",
      "integrity": "sha512-+sZwA/QhOYnHbuSShSxy3EONx2rZteZrCyMOtns3703eJsHf6b8gEEjMKjYhMUb+CdPyAgr8K9bN00kQBjllRA==",
      "hasInstallScript": true
    }
  },
  "dependencies": {
    "ember": {
      "version": "1.0.3",
      "resolved": "https://registry.npmjs.org/ember/-/ember-1.0.3.tgz",
      "integrity": "sha512-+sZwA/QhOYnHbuSShSxy3EONx2rZteZrCyMOtns3703eJsHf6b8gEEjMKjYhMUb+CdPyAgr8K9bN00kQBjllRA=="
    }
  }
}
