{
  "name": "hello-world",
  "version": "0.0.0",
  "lockfileVersion": 2,
  "requires": true,
  "packages": {
    "": {
      "name": "hello-world",
      "version": "0.0.0",
      "dependencies": {
        "stencil": "^0.0.5"
      }
    },
    "node_modules/stencil": {
      "version": "0.0.5",
      "resolved": "https://registry.npmjs.org/stencil/-/stencil-0.0.5.tgz",
      "integrity": "sha512-UwOSrS3i9Z2DQAbI+hxxzBMJKwJxRLVrTVGqAahs/GAAeB/82QjxmcD91CJ/UpMLk2aCxxqbCC4Rl8f1UJ27+Q==",
      "dependencies": {
        "xmldom": "0.1.15"
      }
    },
    "node_modules/xmldom": {
      "version": "0.1.15",
      "resolved": "https://registry.npmjs.org/xmldom/-/xmldom-0.1.15.tgz",
      "integrity": "sha512-ssWmE9kBZudhl4iPLmXqaShPuASNKIQIikBzsloOjZqMyfbuQRn/ggz0k9NDa9YFI3+oFvp8t7TsqwmZLTvpoA==",
      "deprecated": "Deprecated due to CVE-2021-21366 resolved in 0.5.0",
      "engines": {
        "node": ">=0.1"
      }
    }
  },
  "dependencies": {
    "stencil": {
      "version": "0.0.5",
      "resolved": "https://registry.npmjs.org/stencil/-/stencil-0.0.5.tgz",
      "integrity": "sha512-UwOSrS3i9Z2DQAbI+hxxzBMJKwJxRLVrTVGqAahs/GAAeB/82QjxmcD91CJ/UpMLk2aCxxqbCC4Rl8f1UJ27+Q==",
      "requires": {
        "xmldom": "0.1.15"
      }
    },
    "xmldom": {
      "version": "0.1.15",
      "resolved": "https://registry.npmjs.org/xmldom/-/xmldom-0.1.15.tgz",
      "integrity": "sha512-ssWmE9kBZudhl4iPLmXqaShPuASNKIQIikBzsloOjZqMyfbuQRn/ggz0k9NDa9YFI3+oFvp8t7TsqwmZLTvpoA=="
    }
  }
}
